{
  "version": 4,
  "terraform_version": "1.6.5",
  "serial": 31,
  "lineage": "0ef604e4-6f3a-6e0f-1c80-e842cbb5f648",
  "outputs": {},
  "resources": [
    {
      "mode": "data",
      "type": "google_compute_network",
      "name": "default",
      "provider": "provider[\"registry.terraform.io/hashicorp/google\"]",
      "instances": [
        {
          "schema_version": 0,
          "attributes": {
            "description": "Default network for the project",
            "gateway_ipv4": "",
            "id": "projects/akiva-sandbox/global/networks/default",
            "internal_ipv6_range": "",
            "name": "default",
            "project": "akiva-sandbox",
            "self_link": "https://www.googleapis.com/compute/v1/projects/akiva-sandbox/global/networks/default",
            "subnetworks_self_links": [
              "https://www.googleapis.com/compute/v1/projects/akiva-sandbox/regions/africa-south1/subnetworks/default",
              "https://www.googleapis.com/compute/v1/projects/akiva-sandbox/regions/northamerica-northeast2/subnetworks/default",
              "https://www.googleapis.com/compute/v1/projects/akiva-sandbox/regions/europe-west8/subnetworks/default",
              "https://www.googleapis.com/compute/v1/projects/akiva-sandbox/regions/europe-west4/subnetworks/default",
              "https://www.googleapis.com/compute/v1/projects/akiva-sandbox/regions/australia-southeast2/subnetworks/default",
              "https://www.googleapis.com/compute/v1/projects/akiva-sandbox/regions/northamerica-northeast1/subnetworks/default",
              "https://www.googleapis.com/compute/v1/projects/akiva-sandbox/regions/us-west8/subnetworks/default",
              "https://www.googleapis.com/compute/v1/projects/akiva-sandbox/regions/southamerica-east1/subnetworks/default",
              "https://www.googleapis.com/compute/v1/projects/akiva-sandbox/regions/europe-west1/subnetworks/default",
              "https://www.googleapis.com/compute/v1/projects/akiva-sandbox/regions/europe-west3/subnetworks/default",
              "https://www.googleapis.com/compute/v1/projects/akiva-sandbox/regions/us-east7/subnetworks/default",
              "https://www.googleapis.com/compute/v1/projects/akiva-sandbox/regions/us-east1/subnetworks/default",
              "https://www.googleapis.com/compute/v1/projects/akiva-sandbox/regions/us-west3/subnetworks/default",
              "https://www.googleapis.com/compute/v1/projects/akiva-sandbox/regions/me-central1/subnetworks/default",
              "https://www.googleapis.com/compute/v1/projects/akiva-sandbox/regions/asia-south2/subnetworks/default",
              "https://www.googleapis.com/compute/v1/projects/akiva-sandbox/regions/europe-west2/subnetworks/default",
              "https://www.googleapis.com/compute/v1/projects/akiva-sandbox/regions/us-west2/subnetworks/default",
              "https://www.googleapis.com/compute/v1/projects/akiva-sandbox/regions/us-south1/subnetworks/default",
              "https://www.googleapis.com/compute/v1/projects/akiva-sandbox/regions/asia-southeast2/subnetworks/default",
              "https://www.googleapis.com/compute/v1/projects/akiva-sandbox/regions/us-east4/subnetworks/default",
              "https://www.googleapis.com/compute/v1/projects/akiva-sandbox/regions/asia-southeast1/subnetworks/default",
              "https://www.googleapis.com/compute/v1/projects/akiva-sandbox/regions/europe-west6/subnetworks/default",
              "https://www.googleapis.com/compute/v1/projects/akiva-sandbox/regions/asia-northeast1/subnetworks/default",
              "https://www.googleapis.com/compute/v1/projects/akiva-sandbox/regions/europe-west12/subnetworks/default",
              "https://www.googleapis.com/compute/v1/projects/akiva-sandbox/regions/southamerica-west1/subnetworks/default",
              "https://www.googleapis.com/compute/v1/projects/akiva-sandbox/regions/europe-north1/subnetworks/default",
              "https://www.googleapis.com/compute/v1/projects/akiva-sandbox/regions/europe-west10/subnetworks/default",
              "https://www.googleapis.com/compute/v1/projects/akiva-sandbox/regions/us-west1/subnetworks/default",
              "https://www.googleapis.com/compute/v1/projects/akiva-sandbox/regions/europe-west9/subnetworks/default",
              "https://www.googleapis.com/compute/v1/projects/akiva-sandbox/regions/asia-east2/subnetworks/default",
              "https://www.googleapis.com/compute/v1/projects/akiva-sandbox/regions/me-central2/subnetworks/default",
              "https://www.googleapis.com/compute/v1/projects/akiva-sandbox/regions/asia-east1/subnetworks/default",
              "https://www.googleapis.com/compute/v1/projects/akiva-sandbox/regions/us-east5/subnetworks/default",
              "https://www.googleapis.com/compute/v1/projects/akiva-sandbox/regions/europe-southwest1/subnetworks/default",
              "https://www.googleapis.com/compute/v1/projects/akiva-sandbox/regions/me-west1/subnetworks/default",
              "https://www.googleapis.com/compute/v1/projects/akiva-sandbox/regions/asia-south1/subnetworks/default",
              "https://www.googleapis.com/compute/v1/projects/akiva-sandbox/regions/asia-northeast2/subnetworks/default",
              "https://www.googleapis.com/compute/v1/projects/akiva-sandbox/regions/us-central1/subnetworks/default",
              "https://www.googleapis.com/compute/v1/projects/akiva-sandbox/regions/europe-central2/subnetworks/default",
              "https://www.googleapis.com/compute/v1/projects/akiva-sandbox/regions/asia-northeast3/subnetworks/default",
              "https://www.googleapis.com/compute/v1/projects/akiva-sandbox/regions/us-west4/subnetworks/default",
              "https://www.googleapis.com/compute/v1/projects/akiva-sandbox/regions/australia-southeast1/subnetworks/default"
            ]
          },
          "sensitive_attributes": []
        }
      ]
    },
    {
      "mode": "managed",
      "type": "google_compute_firewall",
      "name": "allow-http",
      "provider": "provider[\"registry.terraform.io/hashicorp/google\"]",
      "instances": [
        {
          "schema_version": 1,
          "attributes": {
            "allow": [
              {
                "ports": [
                  "80",
                  "8080"
                ],
                "protocol": "tcp"
              }
            ],
            "creation_timestamp": "2023-12-06T12:05:10.854-08:00",
            "deny": [],
            "description": "",
            "destination_ranges": [],
            "direction": "INGRESS",
            "disabled": false,
            "enable_logging": null,
            "id": "projects/akiva-sandbox/global/firewalls/allow-http",
            "log_config": [],
            "name": "allow-http",
            "network": "https://www.googleapis.com/compute/v1/projects/akiva-sandbox/global/networks/default",
            "priority": 1000,
            "project": "akiva-sandbox",
            "self_link": "https://www.googleapis.com/compute/v1/projects/akiva-sandbox/global/firewalls/allow-http",
            "source_ranges": [
              "0.0.0.0/0"
            ],
            "source_service_accounts": [],
            "source_tags": [],
            "target_service_accounts": [],
            "target_tags": [],
            "timeouts": null
          },
          "sensitive_attributes": [],
          "private": "eyJlMmJmYjczMC1lY2FhLTExZTYtOGY4OC0zNDM2M2JjN2M0YzAiOnsiY3JlYXRlIjoxMjAwMDAwMDAwMDAwLCJkZWxldGUiOjEyMDAwMDAwMDAwMDAsInVwZGF0ZSI6MTIwMDAwMDAwMDAwMH0sInNjaGVtYV92ZXJzaW9uIjoiMSJ9"
        }
      ]
    },
    {
      "mode": "managed",
      "type": "google_compute_global_address",
      "name": "app_global_ip",
      "provider": "provider[\"registry.terraform.io/hashicorp/google\"]",
      "instances": [
        {
          "schema_version": 0,
          "attributes": {
            "address": "34.160.234.209",
            "address_type": "EXTERNAL",
            "creation_timestamp": "2023-12-06T12:05:10.790-08:00",
            "description": "",
            "id": "projects/akiva-sandbox/global/addresses/app-global-ip",
            "ip_version": "",
            "name": "app-global-ip",
            "network": "",
            "prefix_length": 0,
            "project": "akiva-sandbox",
            "purpose": "",
            "self_link": "https://www.googleapis.com/compute/v1/projects/akiva-sandbox/global/addresses/app-global-ip",
            "timeouts": null
          },
          "sensitive_attributes": [],
          "private": "eyJlMmJmYjczMC1lY2FhLTExZTYtOGY4OC0zNDM2M2JjN2M0YzAiOnsiY3JlYXRlIjoxMjAwMDAwMDAwMDAwLCJkZWxldGUiOjEyMDAwMDAwMDAwMDB9fQ=="
        }
      ]
    },
    {
      "mode": "managed",
      "type": "google_compute_global_address",
      "name": "private_ip_address",
      "provider": "provider[\"registry.terraform.io/hashicorp/google-beta\"]",
      "instances": [
        {
          "schema_version": 0,
          "attributes": {
            "address": "10.14.0.0",
            "address_type": "INTERNAL",
            "creation_timestamp": "2023-12-06T12:05:10.908-08:00",
            "description": "",
            "effective_labels": {},
            "id": "projects/akiva-sandbox/global/addresses/private-ip-address",
            "ip_version": "",
            "label_fingerprint": "42WmSpB8rSM=",
            "labels": {},
            "name": "private-ip-address",
            "network": "https://www.googleapis.com/compute/v1/projects/akiva-sandbox/global/networks/default",
            "prefix_length": 16,
            "project": "akiva-sandbox",
            "purpose": "VPC_PEERING",
            "self_link": "https://www.googleapis.com/compute/v1/projects/akiva-sandbox/global/addresses/private-ip-address",
            "terraform_labels": {},
            "timeouts": null
          },
          "sensitive_attributes": [],
          "private": "eyJlMmJmYjczMC1lY2FhLTExZTYtOGY4OC0zNDM2M2JjN2M0YzAiOnsiY3JlYXRlIjoxMjAwMDAwMDAwMDAwLCJkZWxldGUiOjEyMDAwMDAwMDAwMDAsInVwZGF0ZSI6MTIwMDAwMDAwMDAwMH19",
          "dependencies": [
            "data.google_compute_network.default"
          ]
        }
      ]
    },
    {
      "mode": "managed",
      "type": "google_compute_health_check",
      "name": "app_health_check",
      "provider": "provider[\"registry.terraform.io/hashicorp/google\"]",
      "instances": [
        {
          "schema_version": 0,
          "attributes": {
            "check_interval_sec": 5,
            "creation_timestamp": "2023-12-12T03:54:53.346-08:00",
            "description": "",
            "grpc_health_check": [],
            "healthy_threshold": 2,
            "http2_health_check": [],
            "http_health_check": [
              {
                "host": "",
                "port": 8080,
                "port_name": "",
                "port_specification": "",
                "proxy_header": "NONE",
                "request_path": "/",
                "response": ""
              }
            ],
            "https_health_check": [],
            "id": "projects/akiva-sandbox/global/healthChecks/app-health-check",
            "log_config": [
              {
                "enable": false
              }
            ],
            "name": "app-health-check",
            "project": "akiva-sandbox",
            "self_link": "https://www.googleapis.com/compute/v1/projects/akiva-sandbox/global/healthChecks/app-health-check",
            "ssl_health_check": [],
            "tcp_health_check": [],
            "timeout_sec": 5,
            "timeouts": null,
            "type": "HTTP",
            "unhealthy_threshold": 2
          },
          "sensitive_attributes": [],
          "private": "eyJlMmJmYjczMC1lY2FhLTExZTYtOGY4OC0zNDM2M2JjN2M0YzAiOnsiY3JlYXRlIjoxMjAwMDAwMDAwMDAwLCJkZWxldGUiOjEyMDAwMDAwMDAwMDAsInVwZGF0ZSI6MTIwMDAwMDAwMDAwMH19"
        }
      ]
    },
    {
      "mode": "managed",
      "type": "google_service_networking_connection",
      "name": "private_vpc_connection",
      "provider": "provider[\"registry.terraform.io/hashicorp/google-beta\"]",
      "instances": [
        {
          "schema_version": 0,
          "attributes": {
            "id": "projects%2Fakiva-sandbox%2Fglobal%2Fnetworks%2Fdefault:servicenetworking.googleapis.com",
            "network": "projects/akiva-sandbox/global/networks/default",
            "peering": "servicenetworking-googleapis-com",
            "reserved_peering_ranges": [
              "private-ip-address"
            ],
            "service": "servicenetworking.googleapis.com",
            "timeouts": null
          },
          "sensitive_attributes": [],
          "private": "eyJlMmJmYjczMC1lY2FhLTExZTYtOGY4OC0zNDM2M2JjN2M0YzAiOnsiY3JlYXRlIjo2MDAwMDAwMDAwMDAsImRlbGV0ZSI6NjAwMDAwMDAwMDAwLCJ1cGRhdGUiOjYwMDAwMDAwMDAwMH19",
          "dependencies": [
            "data.google_compute_network.default",
            "google_compute_global_address.private_ip_address"
          ]
        }
      ]
    },
    {
      "mode": "managed",
      "type": "google_sql_database",
      "name": "app_database",
      "provider": "provider[\"registry.terraform.io/hashicorp/google\"]",
      "instances": [
        {
          "schema_version": 0,
          "attributes": {
            "charset": "UTF8",
            "collation": "en_US.UTF8",
            "deletion_policy": "DELETE",
            "id": "projects/akiva-sandbox/instances/private-instance-5c6cc309/databases/app-database",
            "instance": "private-instance-5c6cc309",
            "name": "app-database",
            "project": "akiva-sandbox",
            "self_link": "https://sqladmin.googleapis.com/sql/v1beta4/projects/akiva-sandbox/instances/private-instance-5c6cc309/databases/app-database",
            "timeouts": null
          },
          "sensitive_attributes": [],
          "private": "eyJlMmJmYjczMC1lY2FhLTExZTYtOGY4OC0zNDM2M2JjN2M0YzAiOnsiY3JlYXRlIjoxMjAwMDAwMDAwMDAwLCJkZWxldGUiOjEyMDAwMDAwMDAwMDAsInVwZGF0ZSI6MTIwMDAwMDAwMDAwMH19",
          "dependencies": [
            "data.google_compute_network.default",
            "google_compute_global_address.private_ip_address",
            "google_service_networking_connection.private_vpc_connection",
            "google_sql_database_instance.instance",
            "random_id.db_name_suffix"
          ]
        }
      ]
    },
    {
      "mode": "managed",
      "type": "google_sql_database_instance",
      "name": "instance",
      "provider": "provider[\"registry.terraform.io/hashicorp/google-beta\"]",
      "instances": [
        {
          "schema_version": 0,
          "attributes": {
            "available_maintenance_versions": [
              "POSTGRES_13_12.R20230830.01_07"
            ],
            "clone": [],
            "connection_name": "akiva-sandbox:us-central1:private-instance-5c6cc309",
            "database_version": "POSTGRES_13",
            "deletion_protection": true,
            "dns_name": "",
            "encryption_key_name": null,
            "first_ip_address": "10.14.0.3",
            "id": "private-instance-5c6cc309",
            "instance_type": "CLOUD_SQL_INSTANCE",
            "ip_address": [
              {
                "ip_address": "10.14.0.3",
                "time_to_retire": "",
                "type": "PRIVATE"
              }
            ],
            "maintenance_version": "POSTGRES_13_12.R20230830.01_04",
            "master_instance_name": "",
            "name": "private-instance-5c6cc309",
            "private_ip_address": "10.14.0.3",
            "project": "akiva-sandbox",
            "psc_service_attachment_link": "",
            "public_ip_address": "",
            "region": "us-central1",
            "replica_configuration": [],
            "restore_backup_context": [],
            "root_password": null,
            "self_link": "https://sqladmin.googleapis.com/sql/v1beta4/projects/akiva-sandbox/instances/private-instance-5c6cc309",
            "server_ca_cert": [
              {
                "cert": "-----BEGIN CERTIFICATE-----\nMIIDfzCCAmegAwIBAgIBADANBgkqhkiG9w0BAQsFADB3MS0wKwYDVQQuEyQ0YzM0\nZDU3ZC1lODgwLTQ2ZmEtYmI2My0yZDkxODBiZDhjNGUxIzAhBgNVBAMTGkdvb2ds\nZSBDbG91ZCBTUUwgU2VydmVyIENBMRQwEgYDVQQKEwtHb29nbGUsIEluYzELMAkG\nA1UEBhMCVVMwHhcNMjMxMjA2MjAwNzE5WhcNMzMxMjAzMjAwODE5WjB3MS0wKwYD\nVQQuEyQ0YzM0ZDU3ZC1lODgwLTQ2ZmEtYmI2My0yZDkxODBiZDhjNGUxIzAhBgNV\nBAMTGkdvb2dsZSBDbG91ZCBTUUwgU2VydmVyIENBMRQwEgYDVQQKEwtHb29nbGUs\nIEluYzELMAkGA1UEBhMCVVMwggEiMA0GCSqGSIb3DQEBAQUAA4IBDwAwggEKAoIB\nAQCw0coDlVQtF+zb5NE7CnrUQWGGfsKZH5PEL8/c/eOJr42l4IOfI2iaOx2EbrN9\nmlxk0celTnVKoEbGvrZlI9LSQo4XBD/4Ib6rSEfK0PNsONJDfq9Z7YyOZ5XlyVvc\nJ7isxc8TPdX+DHeGkyPnq+GSmXPNBvszmt+/kpa+mPTxpXtak1ej/GGpiYErVxdX\nieE1t2r+gvBO5dVH8AFL3CS0Z9voJ0H5L+t022LRB6Ur7Fl1u+bVyRF7fIQ2sSLy\nn7vkbp5XbuMilfXmi82CkEGy2HCfHW2QsdCOXmoLtwOCn/zGbGq+QVdGhWH4g4u7\nhHiHHPaJ+pIrGccukvfiwrgHAgMBAAGjFjAUMBIGA1UdEwEB/wQIMAYBAf8CAQAw\nDQYJKoZIhvcNAQELBQADggEBAHQTCO4L2SS/KeqPIKHcivwxuJF/yVz3HuNe7ALu\nXfcXK+KXycPNG05VQ8YQ0GKImfEFtrTOCmefDVt9i4CpXQ8f6RzRMkbrTrGlx37z\nggS7mjgG8xVyXqsJWGdXvDFSMekDvm25hvmDs+MxIxk8GmjadIyRxkO34DS3sGxp\nACrMjSB5prPkwlnuro0yaHLkcrgCbsLbO3odu7BpPQx8RixZyi5/RaHWCVHHBiXw\nw5vg8F761mi0NKhuDIi3CNVrGbf5hkifUvtU4dMXwarwFsKSyylYbbV4O+cnr9iB\nlJNl+TmrXHGodeAxtOx2bNZcGrLYjQtsAd8bBZyCqmw79QI=\n-----END CERTIFICATE-----",
                "common_name": "C=US,O=Google\\, Inc,CN=Google Cloud SQL Server CA,dnQualifier=4c34d57d-e880-46fa-bb63-2d9180bd8c4e",
                "create_time": "2023-12-06T20:07:19.415Z",
                "expiration_time": "2033-12-03T20:08:19.415Z",
                "sha1_fingerprint": "01dcf058787078dfe57325b24eda6e10626abeb9"
              }
            ],
            "service_account_email_address": "p653089912503-wrlabp@gcp-sa-cloud-sql.iam.gserviceaccount.com",
            "settings": [
              {
                "activation_policy": "ALWAYS",
                "active_directory_config": [],
                "advanced_machine_features": [],
                "availability_type": "ZONAL",
                "backup_configuration": [
                  {
                    "backup_retention_settings": [
                      {
                        "retained_backups": 7,
                        "retention_unit": "COUNT"
                      }
                    ],
                    "binary_log_enabled": false,
                    "enabled": false,
                    "location": "",
                    "point_in_time_recovery_enabled": false,
                    "start_time": "19:00",
                    "transaction_log_retention_days": 7
                  }
                ],
                "collation": "",
                "connector_enforcement": "NOT_REQUIRED",
                "data_cache_config": [],
                "database_flags": [],
                "deletion_protection_enabled": false,
                "deny_maintenance_period": [],
                "disk_autoresize": true,
                "disk_autoresize_limit": 0,
                "disk_size": 10,
                "disk_type": "PD_SSD",
                "edition": "ENTERPRISE",
                "insights_config": [],
                "ip_configuration": [
                  {
                    "allocated_ip_range": "",
                    "authorized_networks": [],
                    "enable_private_path_for_google_cloud_services": true,
                    "ipv4_enabled": false,
                    "private_network": "projects/akiva-sandbox/global/networks/default",
                    "psc_config": [],
                    "require_ssl": false,
                    "ssl_mode": ""
                  }
                ],
                "location_preference": [
                  {
                    "follow_gae_application": "",
                    "secondary_zone": "",
                    "zone": "us-central1-c"
                  }
                ],
                "maintenance_window": [],
                "password_validation_policy": [],
                "pricing_plan": "PER_USE",
                "sql_server_audit_config": [],
                "tier": "db-f1-micro",
                "time_zone": "",
                "user_labels": {},
                "version": 8
              }
            ],
            "timeouts": null
          },
          "sensitive_attributes": [],
          "private": "eyJlMmJmYjczMC1lY2FhLTExZTYtOGY4OC0zNDM2M2JjN2M0YzAiOnsiY3JlYXRlIjoyNDAwMDAwMDAwMDAwLCJkZWxldGUiOjE4MDAwMDAwMDAwMDAsInVwZGF0ZSI6MTgwMDAwMDAwMDAwMH19",
          "dependencies": [
            "data.google_compute_network.default",
            "google_compute_global_address.private_ip_address",
            "google_service_networking_connection.private_vpc_connection",
            "random_id.db_name_suffix"
          ]
        }
      ]
    },
    {
      "mode": "managed",
      "type": "google_sql_user",
      "name": "app_db_user",
      "provider": "provider[\"registry.terraform.io/hashicorp/google\"]",
      "instances": [
        {
          "schema_version": 1,
          "attributes": {
            "deletion_policy": null,
            "host": "",
            "id": "app-db-user//private-instance-5c6cc309",
            "instance": "private-instance-5c6cc309",
            "name": "app-db-user",
            "password": "pass",
            "password_policy": [],
            "project": "akiva-sandbox",
            "sql_server_user_details": [],
            "timeouts": null,
            "type": ""
          },
          "sensitive_attributes": [],
          "private": "eyJlMmJmYjczMC1lY2FhLTExZTYtOGY4OC0zNDM2M2JjN2M0YzAiOnsiY3JlYXRlIjo2MDAwMDAwMDAwMDAsImRlbGV0ZSI6NjAwMDAwMDAwMDAwLCJ1cGRhdGUiOjYwMDAwMDAwMDAwMH0sInNjaGVtYV92ZXJzaW9uIjoiMSJ9",
          "dependencies": [
            "data.google_compute_network.default",
            "google_compute_global_address.private_ip_address",
            "google_service_networking_connection.private_vpc_connection",
            "google_sql_database_instance.instance",
            "random_id.db_name_suffix"
          ]
        }
      ]
    },
    {
      "mode": "managed",
      "type": "random_id",
      "name": "db_name_suffix",
      "provider": "provider[\"registry.terraform.io/hashicorp/random\"]",
      "instances": [
        {
          "schema_version": 0,
          "attributes": {
            "b64_std": "XGzDCQ==",
            "b64_url": "XGzDCQ",
            "byte_length": 4,
            "dec": "1550631689",
            "hex": "5c6cc309",
            "id": "XGzDCQ",
            "keepers": null,
            "prefix": null
          },
          "sensitive_attributes": []
        }
      ]
    }
  ],
  "check_results": null
}
